
Microsoft Visual Studio Solution File, Format Version 12.00
# Visual Studio 15
VisualStudioVersion = 15.0.27428.2015
MinimumVisualStudioVersion = 10.0.40219.1
Project("{FAE04EC0-301F-11D3-BF4B-00C04F79EFBC}") = "AFK-Script-Interpreter", "AFK-Script-Interpreter\AFK-Script-Interpreter.csproj", "{F84C1691-E13E-493B-B92E-617282E31C63}"
EndProject
Global
	GlobalSection(SolutionConfigurationPlatforms) = preSolution
		Debug|Any CPU = Debug|Any CPU
		Release|Any CPU = Release|Any CPU
	EndGlobalSection
	GlobalSection(ProjectConfigurationPlatforms) = postSolution
		{F84C1691-E13E-493B-B92E-617282E31C63}.Debug|Any CPU.ActiveCfg = Debug|Any CPU
		{F84C1691-E13E-493B-B92E-617282E31C63}.Debug|Any CPU.Build.0 = Debug|Any CPU
		{F84C1691-E13E-493B-B92E-617282E31C63}.Release|Any CPU.ActiveCfg = Release|Any CPU
		{F84C1691-E13E-493B-B92E-617282E31C63}.Release|Any CPU.Build.0 = Release|Any CPU
	EndGlobalSection
	GlobalSection(SolutionProperties) = preSolution
		HideSolutionNode = FALSE
	EndGlobalSection
	GlobalSection(ExtensibilityGlobals) = postSolution
		SolutionGuid = {2C60AE77-7978-4E5F-A529-865194C79F88}
	EndGlobalSection
EndGlobal
